
Microsoft Visual Studio Solution File, Format Version 12.00
# Visual Studio Version 16
VisualStudioVersion = 16.0.30104.148
MinimumVisualStudioVersion = 10.0.40219.1
Project("{FAE04EC0-301F-11D3-BF4B-00C04F79EFBC}") = "interfaceSegragationSOLID", "interfaceSegragationSOLID\interfaceSegragationSOLID.csproj", "{1DEA05DA-0FA2-47E5-B88E-46D5047C983B}"
EndProject
Global
	GlobalSection(SolutionConfigurationPlatforms) = preSolution
		Debug|Any CPU = Debug|Any CPU
		Release|Any CPU = Release|Any CPU
	EndGlobalSection
	GlobalSection(ProjectConfigurationPlatforms) = postSolution
		{1DEA05DA-0FA2-47E5-B88E-46D5047C983B}.Debug|Any CPU.ActiveCfg = Debug|Any CPU
		{1DEA05DA-0FA2-47E5-B88E-46D5047C983B}.Debug|Any CPU.Build.0 = Debug|Any CPU
		{1DEA05DA-0FA2-47E5-B88E-46D5047C983B}.Release|Any CPU.ActiveCfg = Release|Any CPU
		{1DEA05DA-0FA2-47E5-B88E-46D5047C983B}.Release|Any CPU.Build.0 = Release|Any CPU
	EndGlobalSection
	GlobalSection(SolutionProperties) = preSolution
		HideSolutionNode = FALSE
	EndGlobalSection
	GlobalSection(ExtensibilityGlobals) = postSolution
		SolutionGuid = {C0E9B4D6-222B-4696-A673-81335789F96E}
	EndGlobalSection
EndGlobal
